
Microsoft Visual Studio Solution File, Format Version 12.00
# Visual Studio 15
VisualStudioVersion = 15.0.27205.2004
MinimumVisualStudioVersion = 10.0.40219.1
Project("{FAE04EC0-301F-11D3-BF4B-00C04F79EFBC}") = "EmotionApi", "EmotionApi.csproj", "{675E8AC1-B898-4636-9B79-1395D7E43789}"
EndProject
Global
	GlobalSection(SolutionConfigurationPlatforms) = preSolution
		Debug|Any CPU = Debug|Any CPU
		Release|Any CPU = Release|Any CPU
	EndGlobalSection
	GlobalSection(ProjectConfigurationPlatforms) = postSolution
		{675E8AC1-B898-4636-9B79-1395D7E43789}.Debug|Any CPU.ActiveCfg = Debug|Any CPU
		{675E8AC1-B898-4636-9B79-1395D7E43789}.Debug|Any CPU.Build.0 = Debug|Any CPU
		{675E8AC1-B898-4636-9B79-1395D7E43789}.Release|Any CPU.ActiveCfg = Release|Any CPU
		{675E8AC1-B898-4636-9B79-1395D7E43789}.Release|Any CPU.Build.0 = Release|Any CPU
	EndGlobalSection
	GlobalSection(SolutionProperties) = preSolution
		HideSolutionNode = FALSE
	EndGlobalSection
	GlobalSection(ExtensibilityGlobals) = postSolution
		SolutionGuid = {0EAF1517-94AD-4D4E-BB5C-836364C40951}
	EndGlobalSection
EndGlobal
