
Microsoft Visual Studio Solution File, Format Version 12.00
# Visual Studio 15
VisualStudioVersion = 15.0.26730.15
MinimumVisualStudioVersion = 10.0.40219.1
Project("{FAE04EC0-301F-11D3-BF4B-00C04F79EFBC}") = "OrderBot", "OrderBot\OrderBot.csproj", "{AE8816A5-BFB4-4288-A46A-9BB8FB67D410}"
EndProject
Project("{FAE04EC0-301F-11D3-BF4B-00C04F79EFBC}") = "OrderBot.Data", "OrderBot.Data\OrderBot.Data.csproj", "{3CBE2D25-AAF4-44FE-876E-4C493155EF28}"
EndProject
Global
	GlobalSection(SolutionConfigurationPlatforms) = preSolution
		Debug|Any CPU = Debug|Any CPU
		Release|Any CPU = Release|Any CPU
	EndGlobalSection
	GlobalSection(ProjectConfigurationPlatforms) = postSolution
		{AE8816A5-BFB4-4288-A46A-9BB8FB67D410}.Debug|Any CPU.ActiveCfg = Debug|Any CPU
		{AE8816A5-BFB4-4288-A46A-9BB8FB67D410}.Debug|Any CPU.Build.0 = Debug|Any CPU
		{AE8816A5-BFB4-4288-A46A-9BB8FB67D410}.Release|Any CPU.ActiveCfg = Release|Any CPU
		{AE8816A5-BFB4-4288-A46A-9BB8FB67D410}.Release|Any CPU.Build.0 = Release|Any CPU
		{3CBE2D25-AAF4-44FE-876E-4C493155EF28}.Debug|Any CPU.ActiveCfg = Debug|Any CPU
		{3CBE2D25-AAF4-44FE-876E-4C493155EF28}.Debug|Any CPU.Build.0 = Debug|Any CPU
		{3CBE2D25-AAF4-44FE-876E-4C493155EF28}.Release|Any CPU.ActiveCfg = Release|Any CPU
		{3CBE2D25-AAF4-44FE-876E-4C493155EF28}.Release|Any CPU.Build.0 = Release|Any CPU
	EndGlobalSection
	GlobalSection(SolutionProperties) = preSolution
		HideSolutionNode = FALSE
	EndGlobalSection
	GlobalSection(ExtensibilityGlobals) = postSolution
		SolutionGuid = {18C9456C-64D6-431D-BFFF-C1993703801C}
	EndGlobalSection
EndGlobal
